
Microsoft Visual Studio Solution File, Format Version 12.00
# Visual Studio Version 17
VisualStudioVersion = 17.11.35312.102
MinimumVisualStudioVersion = 10.0.40219.1
Project("{2150E333-8FDC-42A3-9474-1A3956D46DE8}") = "src", "src", "{CD6AB600-D8A3-4530-B5D2-E0077D21A4CF}"
EndProject
Project("{2150E333-8FDC-42A3-9474-1A3956D46DE8}") = "tests", "tests", "{75D492BA-BE78-4642-B514-D5246984E91D}"
EndProject
Project("{2150E333-8FDC-42A3-9474-1A3956D46DE8}") = "Backend", "Backend", "{719A892B-C08E-4604-9F56-E172CC06A526}"
EndProject
Project("{2150E333-8FDC-42A3-9474-1A3956D46DE8}") = "Shared", "Shared", "{1F3C6281-D1B7-4706-82F3-82C950E5C989}"
EndProject
Project("{FAE04EC0-301F-11D3-BF4B-00C04F79EFBC}") = "iRecipe.API", "src\Backend\iRecipe.API\iRecipe.API.csproj", "{E558B142-F310-4C74-8DDB-2ECC37367D70}"
EndProject
Project("{FAE04EC0-301F-11D3-BF4B-00C04F79EFBC}") = "iRecipe.Application", "src\Backend\iRecipe.Application\iRecipe.Application.csproj", "{0E0C2AC0-35E9-4C87-BB33-CAD5A85E423F}"
EndProject
Project("{FAE04EC0-301F-11D3-BF4B-00C04F79EFBC}") = "iRecipe.Domain", "src\Backend\iRecipe.Domain\iRecipe.Domain.csproj", "{68FCFB3A-9BF0-47E0-8EAC-4C2271794632}"
EndProject
Project("{FAE04EC0-301F-11D3-BF4B-00C04F79EFBC}") = "iRecipe.Infrastructure", "src\Backend\iRecipe.Infrastructure\iRecipe.Infrastructure.csproj", "{221025AA-BA54-49F1-A27F-88E3A16FB23E}"
EndProject
Project("{FAE04EC0-301F-11D3-BF4B-00C04F79EFBC}") = "iRecipe.Communication", "src\Shared\iRecipe.Communication\iRecipe.Communication.csproj", "{90F6862A-BA82-4E64-9142-53F84AFDC249}"
EndProject
Project("{FAE04EC0-301F-11D3-BF4B-00C04F79EFBC}") = "iRecipe.Exceptions", "src\Shared\iRecipe.Exceptions\iRecipe.Exceptions.csproj", "{4D9FCCDA-62D1-436D-BB91-9CA209627AFD}"
EndProject
Global
	GlobalSection(SolutionConfigurationPlatforms) = preSolution
		Debug|Any CPU = Debug|Any CPU
		Release|Any CPU = Release|Any CPU
	EndGlobalSection
	GlobalSection(ProjectConfigurationPlatforms) = postSolution
		{E558B142-F310-4C74-8DDB-2ECC37367D70}.Debug|Any CPU.ActiveCfg = Debug|Any CPU
		{E558B142-F310-4C74-8DDB-2ECC37367D70}.Debug|Any CPU.Build.0 = Debug|Any CPU
		{E558B142-F310-4C74-8DDB-2ECC37367D70}.Release|Any CPU.ActiveCfg = Release|Any CPU
		{E558B142-F310-4C74-8DDB-2ECC37367D70}.Release|Any CPU.Build.0 = Release|Any CPU
		{0E0C2AC0-35E9-4C87-BB33-CAD5A85E423F}.Debug|Any CPU.ActiveCfg = Debug|Any CPU
		{0E0C2AC0-35E9-4C87-BB33-CAD5A85E423F}.Debug|Any CPU.Build.0 = Debug|Any CPU
		{0E0C2AC0-35E9-4C87-BB33-CAD5A85E423F}.Release|Any CPU.ActiveCfg = Release|Any CPU
		{0E0C2AC0-35E9-4C87-BB33-CAD5A85E423F}.Release|Any CPU.Build.0 = Release|Any CPU
		{68FCFB3A-9BF0-47E0-8EAC-4C2271794632}.Debug|Any CPU.ActiveCfg = Debug|Any CPU
		{68FCFB3A-9BF0-47E0-8EAC-4C2271794632}.Debug|Any CPU.Build.0 = Debug|Any CPU
		{68FCFB3A-9BF0-47E0-8EAC-4C2271794632}.Release|Any CPU.ActiveCfg = Release|Any CPU
		{68FCFB3A-9BF0-47E0-8EAC-4C2271794632}.Release|Any CPU.Build.0 = Release|Any CPU
		{221025AA-BA54-49F1-A27F-88E3A16FB23E}.Debug|Any CPU.ActiveCfg = Debug|Any CPU
		{221025AA-BA54-49F1-A27F-88E3A16FB23E}.Debug|Any CPU.Build.0 = Debug|Any CPU
		{221025AA-BA54-49F1-A27F-88E3A16FB23E}.Release|Any CPU.ActiveCfg = Release|Any CPU
		{221025AA-BA54-49F1-A27F-88E3A16FB23E}.Release|Any CPU.Build.0 = Release|Any CPU
		{90F6862A-BA82-4E64-9142-53F84AFDC249}.Debug|Any CPU.ActiveCfg = Debug|Any CPU
		{90F6862A-BA82-4E64-9142-53F84AFDC249}.Debug|Any CPU.Build.0 = Debug|Any CPU
		{90F6862A-BA82-4E64-9142-53F84AFDC249}.Release|Any CPU.ActiveCfg = Release|Any CPU
		{90F6862A-BA82-4E64-9142-53F84AFDC249}.Release|Any CPU.Build.0 = Release|Any CPU
		{4D9FCCDA-62D1-436D-BB91-9CA209627AFD}.Debug|Any CPU.ActiveCfg = Debug|Any CPU
		{4D9FCCDA-62D1-436D-BB91-9CA209627AFD}.Debug|Any CPU.Build.0 = Debug|Any CPU
		{4D9FCCDA-62D1-436D-BB91-9CA209627AFD}.Release|Any CPU.ActiveCfg = Release|Any CPU
		{4D9FCCDA-62D1-436D-BB91-9CA209627AFD}.Release|Any CPU.Build.0 = Release|Any CPU
	EndGlobalSection
	GlobalSection(SolutionProperties) = preSolution
		HideSolutionNode = FALSE
	EndGlobalSection
	GlobalSection(NestedProjects) = preSolution
		{719A892B-C08E-4604-9F56-E172CC06A526} = {CD6AB600-D8A3-4530-B5D2-E0077D21A4CF}
		{1F3C6281-D1B7-4706-82F3-82C950E5C989} = {CD6AB600-D8A3-4530-B5D2-E0077D21A4CF}
		{E558B142-F310-4C74-8DDB-2ECC37367D70} = {719A892B-C08E-4604-9F56-E172CC06A526}
		{0E0C2AC0-35E9-4C87-BB33-CAD5A85E423F} = {719A892B-C08E-4604-9F56-E172CC06A526}
		{68FCFB3A-9BF0-47E0-8EAC-4C2271794632} = {719A892B-C08E-4604-9F56-E172CC06A526}
		{221025AA-BA54-49F1-A27F-88E3A16FB23E} = {719A892B-C08E-4604-9F56-E172CC06A526}
		{90F6862A-BA82-4E64-9142-53F84AFDC249} = {1F3C6281-D1B7-4706-82F3-82C950E5C989}
		{4D9FCCDA-62D1-436D-BB91-9CA209627AFD} = {1F3C6281-D1B7-4706-82F3-82C950E5C989}
	EndGlobalSection
	GlobalSection(ExtensibilityGlobals) = postSolution
		SolutionGuid = {3A93B0C4-734B-4F76-8265-B51142FC2F61}
	EndGlobalSection
EndGlobal
